
Microsoft Visual Studio Solution File, Format Version 12.00
# Visual Studio Version 17
VisualStudioVersion = 17.11.35327.3
MinimumVisualStudioVersion = 10.0.40219.1
Project("{FAE04EC0-301F-11D3-BF4B-00C04F79EFBC}") = "Sirb_Andra_Lab1", "Sirb_Andra_Lab1\Sirb_Andra_Lab1.csproj", "{3D06CF97-3378-4FB6-A2BF-A5A385C2774B}"
EndProject
Global
	GlobalSection(SolutionConfigurationPlatforms) = preSolution
		Debug|Any CPU = Debug|Any CPU
		Release|Any CPU = Release|Any CPU
	EndGlobalSection
	GlobalSection(ProjectConfigurationPlatforms) = postSolution
		{3D06CF97-3378-4FB6-A2BF-A5A385C2774B}.Debug|Any CPU.ActiveCfg = Debug|Any CPU
		{3D06CF97-3378-4FB6-A2BF-A5A385C2774B}.Debug|Any CPU.Build.0 = Debug|Any CPU
		{3D06CF97-3378-4FB6-A2BF-A5A385C2774B}.Release|Any CPU.ActiveCfg = Release|Any CPU
		{3D06CF97-3378-4FB6-A2BF-A5A385C2774B}.Release|Any CPU.Build.0 = Release|Any CPU
	EndGlobalSection
	GlobalSection(SolutionProperties) = preSolution
		HideSolutionNode = FALSE
	EndGlobalSection
	GlobalSection(ExtensibilityGlobals) = postSolution
		SolutionGuid = {64AEA7FB-BFBD-47C1-8CA6-31E0506562E6}
	EndGlobalSection
EndGlobal
